
Microsoft Visual Studio Solution File, Format Version 12.00
# Visual Studio Version 17
VisualStudioVersion = 17.7.34024.191
MinimumVisualStudioVersion = 10.0.40219.1
Project("{9A19103F-16F7-4668-BE54-9A1E7A4F7556}") = "BRL.Infrastructure.Models.Base", "BRL.Infrastructure.Models.Base\BRL.Infrastructure.Models.Base.csproj", "{3438554A-D94F-4EB6-91A2-B56A7F8AB55C}"
EndProject
Project("{9A19103F-16F7-4668-BE54-9A1E7A4F7556}") = "BRP.Services.Consumer.MassTransit.Generic", "BRP.Services.Consumer.MassTransit.Generic\BRP.Services.Consumer.MassTransit.Generic.csproj", "{D362030F-949A-4D85-B6C3-F6A2AF9B55BA}"
EndProject
Project("{2150E333-8FDC-42A3-9474-1A3956D46DE8}") = "Domain", "Domain", "{0433349C-48CC-4EB9-8C7D-340333DE639C}"
EndProject
Project("{2150E333-8FDC-42A3-9474-1A3956D46DE8}") = "Infrastructure", "Infrastructure", "{ADBC027C-AA9F-4BE3-8D9F-CDAC059BA56E}"
EndProject
Project("{2150E333-8FDC-42A3-9474-1A3956D46DE8}") = "Services", "Services", "{41E69B64-3949-439A-931C-19DF34FF341D}"
EndProject
Project("{2150E333-8FDC-42A3-9474-1A3956D46DE8}") = "Models", "Models", "{4D542293-914F-4E0A-899B-D8BEE9B45FDD}"
EndProject
Project("{2150E333-8FDC-42A3-9474-1A3956D46DE8}") = "Data", "Data", "{E09F9E4C-575A-4E5F-BF59-900258F55139}"
EndProject
Project("{2150E333-8FDC-42A3-9474-1A3956D46DE8}") = "Consumer", "Consumer", "{03B4BB27-DEFE-4C75-978A-92D2726264D4}"
EndProject
Project("{E53339B2-1760-4266-BCC7-CA923CBCF16C}") = "docker-compose", "docker-compose.dcproj", "{818B6002-5938-4863-A47E-ADC44ED966AC}"
EndProject
Project("{2150E333-8FDC-42A3-9474-1A3956D46DE8}") = "Tests", "Tests", "{BA1C353C-FED9-42D2-A6F7-E454CA304073}"
EndProject
Project("{9A19103F-16F7-4668-BE54-9A1E7A4F7556}") = "BRP.Tests", "BRP.Tests\BRP.Tests.csproj", "{6E8A89AE-BFE4-4202-8CF9-D954728EA01C}"
EndProject
Project("{2150E333-8FDC-42A3-9474-1A3956D46DE8}") = "Publish", "Publish", "{916C876B-53FF-4E74-A112-C5E7A152D90C}"
EndProject
Project("{9A19103F-16F7-4668-BE54-9A1E7A4F7556}") = "BRP.Services.Publish.MassTransit.Generic", "BRP.Services.Publish.MassTransit.Generic\BRP.Services.Publish.MassTransit.Generic.csproj", "{E42D3F0C-6E89-4B33-B4F2-D7EDDA31B931}"
EndProject
Project("{2150E333-8FDC-42A3-9474-1A3956D46DE8}") = "API", "API", "{FEF887F8-FF0F-4B7C-9FA5-28DCD18A506C}"
EndProject
Project("{9A19103F-16F7-4668-BE54-9A1E7A4F7556}") = "BRL.Infrastructure.Data", "BRL.Infrastructure.Data.Database\BRL.Infrastructure.Data.csproj", "{04FDE479-523E-463F-A00C-D08603FF48F7}"
EndProject
Project("{2150E333-8FDC-42A3-9474-1A3956D46DE8}") = "Solution Items", "Solution Items", "{54260E74-506D-4E07-85B0-2468FE9D1A27}"
	ProjectSection(SolutionItems) = preProject
		..\README.md = ..\README.md
	EndProjectSection
EndProject
Project("{FAE04EC0-301F-11D3-BF4B-00C04F79EFBC}") = "BRP.Services.API.Person", "BRP.Services.API.Person\BRP.Services.API.Person.csproj", "{B759AE50-535D-4249-8EA0-5217CFDB6A5B}"
EndProject
Project("{FAE04EC0-301F-11D3-BF4B-00C04F79EFBC}") = "BRP.Domain.Application", "BRP.Domain.Application\BRP.Domain.Application.csproj", "{C052FD62-1417-437F-8BB5-0F0EDD12F786}"
EndProject
Global
	GlobalSection(SolutionConfigurationPlatforms) = preSolution
		Debug|Any CPU = Debug|Any CPU
		Release|Any CPU = Release|Any CPU
	EndGlobalSection
	GlobalSection(ProjectConfigurationPlatforms) = postSolution
		{3438554A-D94F-4EB6-91A2-B56A7F8AB55C}.Debug|Any CPU.ActiveCfg = Debug|Any CPU
		{3438554A-D94F-4EB6-91A2-B56A7F8AB55C}.Debug|Any CPU.Build.0 = Debug|Any CPU
		{3438554A-D94F-4EB6-91A2-B56A7F8AB55C}.Release|Any CPU.ActiveCfg = Release|Any CPU
		{3438554A-D94F-4EB6-91A2-B56A7F8AB55C}.Release|Any CPU.Build.0 = Release|Any CPU
		{D362030F-949A-4D85-B6C3-F6A2AF9B55BA}.Debug|Any CPU.ActiveCfg = Debug|Any CPU
		{D362030F-949A-4D85-B6C3-F6A2AF9B55BA}.Debug|Any CPU.Build.0 = Debug|Any CPU
		{D362030F-949A-4D85-B6C3-F6A2AF9B55BA}.Release|Any CPU.ActiveCfg = Release|Any CPU
		{D362030F-949A-4D85-B6C3-F6A2AF9B55BA}.Release|Any CPU.Build.0 = Release|Any CPU
		{818B6002-5938-4863-A47E-ADC44ED966AC}.Debug|Any CPU.ActiveCfg = Debug|Any CPU
		{818B6002-5938-4863-A47E-ADC44ED966AC}.Debug|Any CPU.Build.0 = Debug|Any CPU
		{818B6002-5938-4863-A47E-ADC44ED966AC}.Release|Any CPU.ActiveCfg = Release|Any CPU
		{818B6002-5938-4863-A47E-ADC44ED966AC}.Release|Any CPU.Build.0 = Release|Any CPU
		{6E8A89AE-BFE4-4202-8CF9-D954728EA01C}.Debug|Any CPU.ActiveCfg = Debug|Any CPU
		{6E8A89AE-BFE4-4202-8CF9-D954728EA01C}.Debug|Any CPU.Build.0 = Debug|Any CPU
		{6E8A89AE-BFE4-4202-8CF9-D954728EA01C}.Release|Any CPU.ActiveCfg = Release|Any CPU
		{6E8A89AE-BFE4-4202-8CF9-D954728EA01C}.Release|Any CPU.Build.0 = Release|Any CPU
		{E42D3F0C-6E89-4B33-B4F2-D7EDDA31B931}.Debug|Any CPU.ActiveCfg = Debug|Any CPU
		{E42D3F0C-6E89-4B33-B4F2-D7EDDA31B931}.Debug|Any CPU.Build.0 = Debug|Any CPU
		{E42D3F0C-6E89-4B33-B4F2-D7EDDA31B931}.Release|Any CPU.ActiveCfg = Release|Any CPU
		{E42D3F0C-6E89-4B33-B4F2-D7EDDA31B931}.Release|Any CPU.Build.0 = Release|Any CPU
		{04FDE479-523E-463F-A00C-D08603FF48F7}.Debug|Any CPU.ActiveCfg = Debug|Any CPU
		{04FDE479-523E-463F-A00C-D08603FF48F7}.Debug|Any CPU.Build.0 = Debug|Any CPU
		{04FDE479-523E-463F-A00C-D08603FF48F7}.Release|Any CPU.ActiveCfg = Release|Any CPU
		{04FDE479-523E-463F-A00C-D08603FF48F7}.Release|Any CPU.Build.0 = Release|Any CPU
		{B759AE50-535D-4249-8EA0-5217CFDB6A5B}.Debug|Any CPU.ActiveCfg = Debug|Any CPU
		{B759AE50-535D-4249-8EA0-5217CFDB6A5B}.Debug|Any CPU.Build.0 = Debug|Any CPU
		{B759AE50-535D-4249-8EA0-5217CFDB6A5B}.Release|Any CPU.ActiveCfg = Release|Any CPU
		{B759AE50-535D-4249-8EA0-5217CFDB6A5B}.Release|Any CPU.Build.0 = Release|Any CPU
		{C052FD62-1417-437F-8BB5-0F0EDD12F786}.Debug|Any CPU.ActiveCfg = Debug|Any CPU
		{C052FD62-1417-437F-8BB5-0F0EDD12F786}.Debug|Any CPU.Build.0 = Debug|Any CPU
		{C052FD62-1417-437F-8BB5-0F0EDD12F786}.Release|Any CPU.ActiveCfg = Release|Any CPU
		{C052FD62-1417-437F-8BB5-0F0EDD12F786}.Release|Any CPU.Build.0 = Release|Any CPU
	EndGlobalSection
	GlobalSection(SolutionProperties) = preSolution
		HideSolutionNode = FALSE
	EndGlobalSection
	GlobalSection(NestedProjects) = preSolution
		{3438554A-D94F-4EB6-91A2-B56A7F8AB55C} = {4D542293-914F-4E0A-899B-D8BEE9B45FDD}
		{D362030F-949A-4D85-B6C3-F6A2AF9B55BA} = {03B4BB27-DEFE-4C75-978A-92D2726264D4}
		{41E69B64-3949-439A-931C-19DF34FF341D} = {ADBC027C-AA9F-4BE3-8D9F-CDAC059BA56E}
		{4D542293-914F-4E0A-899B-D8BEE9B45FDD} = {ADBC027C-AA9F-4BE3-8D9F-CDAC059BA56E}
		{E09F9E4C-575A-4E5F-BF59-900258F55139} = {ADBC027C-AA9F-4BE3-8D9F-CDAC059BA56E}
		{03B4BB27-DEFE-4C75-978A-92D2726264D4} = {41E69B64-3949-439A-931C-19DF34FF341D}
		{6E8A89AE-BFE4-4202-8CF9-D954728EA01C} = {BA1C353C-FED9-42D2-A6F7-E454CA304073}
		{916C876B-53FF-4E74-A112-C5E7A152D90C} = {41E69B64-3949-439A-931C-19DF34FF341D}
		{E42D3F0C-6E89-4B33-B4F2-D7EDDA31B931} = {916C876B-53FF-4E74-A112-C5E7A152D90C}
		{FEF887F8-FF0F-4B7C-9FA5-28DCD18A506C} = {41E69B64-3949-439A-931C-19DF34FF341D}
		{04FDE479-523E-463F-A00C-D08603FF48F7} = {E09F9E4C-575A-4E5F-BF59-900258F55139}
		{B759AE50-535D-4249-8EA0-5217CFDB6A5B} = {FEF887F8-FF0F-4B7C-9FA5-28DCD18A506C}
		{C052FD62-1417-437F-8BB5-0F0EDD12F786} = {0433349C-48CC-4EB9-8C7D-340333DE639C}
	EndGlobalSection
	GlobalSection(ExtensibilityGlobals) = postSolution
		SolutionGuid = {3BC050EC-FAB3-4259-9F6E-C0B24E2DCAD1}
	EndGlobalSection
EndGlobal
